github.com/bas24/googletranslatefree v0.0.0-20231117033553-f5859fe54d30 h1:dvq7NKKclmPTAaB4iPRo5L4EBSxCIlVI1nxCRqX8fVA=
github.com/bas24/googletranslatefree v0.0.0-20231117033553-f5859fe54d30/go.mod h1:ntTdGCe6WzFmHjox8vK2FZ2KLyh0IFxw43B6XCg0zf4=
github.com/davecgh/go-spew v1.1.1 h1:vj9j/u1bqnvCEfJOwUhtlOARqs3+rkHYY13jYWTU97c=
github.com/davecgh/go-spew v1.1.1/go.mod h1:J7Y8YcW2NihsgmVo/mv3lAwl/skON4iLHjSsI+c5H38=
github.com/divan/num2words v1.0.3 h1:OG4A0arFQS9N7fZ3WErD4zCtkSNN/a5k+2FuHg+pYt4=
github.com/divan/num2words v1.0.3/go.mod h1:duNwU06A80oPNPA5fX2puj/uQBpLWMBrE/gS8kX/0BU=
github.com/pmezard/go-difflib v1.0.0 h1:4DBwDE0NGyQoBHbLQYPwSUPoCMWR5BEzIk/f1lZbAQM=
github.com/pmezard/go-difflib v1.0.0/go.mod h1:iKH77koFhYxTK1pcRnkKkqfTogsbg7gZNVY4sRDYZ/4=
github.com/stretchr/testify v1.11.1 h1:7s2iGBzp5EwR7/aIZr8ao5+dra3wiQyKjjFuvgVKu7U=
github.com/stretchr/testify v1.11.1/go.mod h1:wZwfW3scLgRK+23gO65QZefKpKQRnfz6sD981Nm4B6U=
gopkg.in/yaml.v3 v3.0.1 h1:fxVm/GzAzEWqLHuvctI91KS9hhNmmWOoWu0XTYJS7CA=
gopkg.in/yaml.v3 v3.0.1/go.mod h1:K4uyk7z7BCEPqu6E+C64Yfv1cQ7kz7rIZviUmN+EgEM=
